
Microsoft Visual Studio Solution File, Format Version 12.00
# Visual Studio Version 17
VisualStudioVersion = 17.8.34330.188
MinimumVisualStudioVersion = 10.0.40219.1
Project("{FAE04EC0-301F-11D3-BF4B-00C04F79EFBC}") = "tictactoe_game", "tictactoe_game.csproj", "{926DF784-88B0-4E8A-89BE-723CAC64ED4E}"
EndProject
Global
	GlobalSection(SolutionConfigurationPlatforms) = preSolution
		Debug|Any CPU = Debug|Any CPU
		Release|Any CPU = Release|Any CPU
	EndGlobalSection
	GlobalSection(ProjectConfigurationPlatforms) = postSolution
		{926DF784-88B0-4E8A-89BE-723CAC64ED4E}.Debug|Any CPU.ActiveCfg = Debug|Any CPU
		{926DF784-88B0-4E8A-89BE-723CAC64ED4E}.Debug|Any CPU.Build.0 = Debug|Any CPU
		{926DF784-88B0-4E8A-89BE-723CAC64ED4E}.Release|Any CPU.ActiveCfg = Release|Any CPU
		{926DF784-88B0-4E8A-89BE-723CAC64ED4E}.Release|Any CPU.Build.0 = Release|Any CPU
	EndGlobalSection
	GlobalSection(SolutionProperties) = preSolution
		HideSolutionNode = FALSE
	EndGlobalSection
	GlobalSection(ExtensibilityGlobals) = postSolution
		SolutionGuid = {3FD74B99-92DC-4F67-8CD3-768CFF9BC853}
	EndGlobalSection
EndGlobal
